// !$*UTF8*$!
{
	archiveVersion = 1;
	classes = {
	};
	objectVersion = 46;
	objects = {

/* Begin PBXBuildFile section */
		5CB9D15D139EB54F0075BA54 /* Solver_1.m in Sources */ = {isa = PBXBuildFile; fileRef = 5CB9D15C139EB54F0075BA54 /* Solver_1.m */; };
		ADF458751397DB0800B32434 /* Foundation.framework in Frameworks */ = {isa = PBXBuildFile; fileRef = ADF458741397DB0800B32434 /* Foundation.framework */; };
		ADF458781397DB0800B32434 /* main.m in Sources */ = {isa = PBXBuildFile; fileRef = ADF458771397DB0800B32434 /* main.m */; };
/* End PBXBuildFile section */

/* Begin PBXCopyFilesBuildPhase section */
		ADF4586E1397DB0800B32434 /* CopyFiles */ = {
			isa = PBXCopyFilesBuildPhase;
			buildActionMask = 2147483647;
			dstPath = /usr/share/man/man1/;
			dstSubfolderSpec = 0;
			files = (
			);
			runOnlyForDeploymentPostprocessing = 1;
		};
/* End PBXCopyFilesBuildPhase section */

/* Begin PBXFileReference section */
		5CB9D15B139EB54F0075BA54 /* Solver_1.h */ = {isa = PBXFileReference; fileEncoding = 4; lastKnownFileType = sourcecode.c.h; path = Solver_1.h; sourceTree = "<group>"; };
		5CB9D15C139EB54F0075BA54 /* Solver_1.m */ = {isa = PBXFileReference; fileEncoding = 4; lastKnownFileType = sourcecode.c.objc; path = Solver_1.m; sourceTree = "<group>"; };
		ADF458701397DB0800B32434 /* Simulation */ = {isa = PBXFileReference; explicitFileType = "compiled.mach-o.executable"; includeInIndex = 0; path = Simulation; sourceTree = BUILT_PRODUCTS_DIR; };
		ADF458741397DB0800B32434 /* Foundation.framework */ = {isa = PBXFileReference; lastKnownFileType = wrapper.framework; name = Foundation.framework; path = System/Library/Frameworks/Foundation.framework; sourceTree = SDKROOT; };
		ADF458771397DB0800B32434 /* main.m */ = {isa = PBXFileReference; lastKnownFileType = sourcecode.c.objc; path = main.m; sourceTree = "<group>"; };
		ADF4587A1397DB0800B32434 /* Simulation-Prefix.pch */ = {isa = PBXFileReference; lastKnownFileType = sourcecode.c.h; path = "Simulation-Prefix.pch"; sourceTree = "<group>"; };
		ADF4587B1397DB0800B32434 /* Simulation.1 */ = {isa = PBXFileReference; lastKnownFileType = text.man; path = Simulation.1; sourceTree = "<group>"; };
/* End PBXFileReference section */

/* Begin PBXFrameworksBuildPhase section */
		ADF4586D1397DB0800B32434 /* Frameworks */ = {
			isa = PBXFrameworksBuildPhase;
			buildActionMask = 2147483647;
			files = (
				ADF458751397DB0800B32434 /* Foundation.framework in Frameworks */,
			);
			runOnlyForDeploymentPostprocessing = 0;
		};
/* End PBXFrameworksBuildPhase section */

/* Begin PBXGroup section */
		ADF458651397DB0700B32434 = {
			isa = PBXGroup;
			children = (
				ADF458761397DB0800B32434 /* Simulation */,
				ADF458731397DB0800B32434 /* Frameworks */,
				ADF458711397DB0800B32434 /* Products */,
			);
			sourceTree = "<group>";
		};
		ADF458711397DB0800B32434 /* Products */ = {
			isa = PBXGroup;
			children = (
				ADF458701397DB0800B32434 /* Simulation */,
			);
			name = Products;
			sourceTree = "<group>";
		};
		ADF458731397DB0800B32434 /* Frameworks */ = {
			isa = PBXGroup;
			children = (
				ADF458741397DB0800B32434 /* Foundation.framework */,
			);
			name = Frameworks;
			sourceTree = "<group>";
		};
		ADF458761397DB0800B32434 /* Simulation */ = {
			isa = PBXGroup;
			children = (
				ADF458831397DB3A00B32434 /* solver */,
				ADF458821397DB2A00B32434 /* model */,
				ADF458811397DB1600B32434 /* data */,
				ADF458771397DB0800B32434 /* main.m */,
				ADF4587B1397DB0800B32434 /* Simulation.1 */,
				ADF458791397DB0800B32434 /* Supporting Files */,
			);
			path = Simulation;
			sourceTree = "<group>";
		};
		ADF458791397DB0800B32434 /* Supporting Files */ = {
			isa = PBXGroup;
			children = (
				ADF4587A1397DB0800B32434 /* Simulation-Prefix.pch */,
			);
			name = "Supporting Files";
			sourceTree = "<group>";
		};
		ADF458811397DB1600B32434 /* data */ = {
			isa = PBXGroup;
			children = (
			);
			name = data;
			sourceTree = "<group>";
		};
		ADF458821397DB2A00B32434 /* model */ = {
			isa = PBXGroup;
			children = (
			);
			name = model;
			sourceTree = "<group>";
		};
		ADF458831397DB3A00B32434 /* solver */ = {
			isa = PBXGroup;
			children = (
				5CB9D15B139EB54F0075BA54 /* Solver_1.h */,
				5CB9D15C139EB54F0075BA54 /* Solver_1.m */,
			);
			name = solver;
			sourceTree = "<group>";
		};
/* End PBXGroup section */

/* Begin PBXNativeTarget section */
		ADF4586F1397DB0800B32434 /* Simulation */ = {
			isa = PBXNativeTarget;
			buildConfigurationList = ADF4587E1397DB0800B32434 /* Build configuration list for PBXNativeTarget "Simulation" */;
			buildPhases = (
				ADF4586C1397DB0800B32434 /* Sources */,
				ADF4586D1397DB0800B32434 /* Frameworks */,
				ADF4586E1397DB0800B32434 /* CopyFiles */,
			);
			buildRules = (
			);
			dependencies = (
			);
			name = Simulation;
			productName = Simulation;
			productReference = ADF458701397DB0800B32434 /* Simulation */;
			productType = "com.apple.product-type.tool";
		};
/* End PBXNativeTarget section */

/* Begin PBXProject section */
		ADF458671397DB0700B32434 /* Project object */ = {
			isa = PBXProject;
			attributes = {
				ORGANIZATIONNAME = "Chemical and Biomolecular Engineering";
			};
			buildConfigurationList = ADF4586A1397DB0700B32434 /* Build configuration list for PBXProject "Simulation" */;
			compatibilityVersion = "Xcode 3.2";
			developmentRegion = English;
			hasScannedForEncodings = 0;
			knownRegions = (
				en,
			);
			mainGroup = ADF458651397DB0700B32434;
			productRefGroup = ADF458711397DB0800B32434 /* Products */;
			projectDirPath = "";
			projectRoot = "";
			targets = (
				ADF4586F1397DB0800B32434 /* Simulation */,
			);
		};
/* End PBXProject section */

/* Begin PBXSourcesBuildPhase section */
		ADF4586C1397DB0800B32434 /* Sources */ = {
			isa = PBXSourcesBuildPhase;
			buildActionMask = 2147483647;
			files = (
				ADF458781397DB0800B32434 /* main.m in Sources */,
				5CB9D15D139EB54F0075BA54 /* Solver_1.m in Sources */,
			);
			runOnlyForDeploymentPostprocessing = 0;
		};
/* End PBXSourcesBuildPhase section */

/* Begin XCBuildConfiguration section */
		ADF4587C1397DB0800B32434 /* Debug */ = {
			isa = XCBuildConfiguration;
			buildSettings = {
				ARCHS = "$(ARCHS_STANDARD_32_64_BIT)";
				GCC_C_LANGUAGE_STANDARD = gnu99;
				GCC_OPTIMIZATION_LEVEL = 0;
				GCC_PREPROCESSOR_DEFINITIONS = DEBUG;
				GCC_SYMBOLS_PRIVATE_EXTERN = NO;
				GCC_VERSION = com.apple.compilers.llvm.clang.1_0;
				GCC_WARN_64_TO_32_BIT_CONVERSION = YES;
				GCC_WARN_ABOUT_RETURN_TYPE = YES;
				GCC_WARN_UNUSED_VARIABLE = YES;
				MACOSX_DEPLOYMENT_TARGET = 10.6;
				ONLY_ACTIVE_ARCH = YES;
				SDKROOT = macosx;
			};
			name = Debug;
		};
		ADF4587D1397DB0800B32434 /* Release */ = {
			isa = XCBuildConfiguration;
			buildSettings = {
				ARCHS = "$(ARCHS_STANDARD_32_64_BIT)";
				GCC_C_LANGUAGE_STANDARD = gnu99;
				GCC_VERSION = com.apple.compilers.llvm.clang.1_0;
				GCC_WARN_64_TO_32_BIT_CONVERSION = YES;
				GCC_WARN_ABOUT_RETURN_TYPE = YES;
				GCC_WARN_UNUSED_VARIABLE = YES;
				MACOSX_DEPLOYMENT_TARGET = 10.6;
				SDKROOT = macosx;
			};
			name = Release;
		};
		ADF4587F1397DB0800B32434 /* Debug */ = {
			isa = XCBuildConfiguration;
			buildSettings = {
				ALWAYS_SEARCH_USER_PATHS = NO;
				COPY_PHASE_STRIP = NO;
				GCC_DYNAMIC_NO_PIC = NO;
				GCC_ENABLE_OBJC_EXCEPTIONS = YES;
				GCC_PRECOMPILE_PREFIX_HEADER = YES;
				GCC_PREFIX_HEADER = "Simulation/Simulation-Prefix.pch";
				PRODUCT_NAME = "$(TARGET_NAME)";
			};
			name = Debug;
		};
		ADF458801397DB0800B32434 /* Release */ = {
			isa = XCBuildConfiguration;
			buildSettings = {
				ALWAYS_SEARCH_USER_PATHS = NO;
				COPY_PHASE_STRIP = YES;
				DEBUG_INFORMATION_FORMAT = "dwarf-with-dsym";
				GCC_ENABLE_OBJC_EXCEPTIONS = YES;
				GCC_PRECOMPILE_PREFIX_HEADER = YES;
				GCC_PREFIX_HEADER = "Simulation/Simulation-Prefix.pch";
				PRODUCT_NAME = "$(TARGET_NAME)";
			};
			name = Release;
		};
/* End XCBuildConfiguration section */

/* Begin XCConfigurationList section */
		ADF4586A1397DB0700B32434 /* Build configuration list for PBXProject "Simulation" */ = {
			isa = XCConfigurationList;
			buildConfigurations = (
				ADF4587C1397DB0800B32434 /* Debug */,
				ADF4587D1397DB0800B32434 /* Release */,
			);
			defaultConfigurationIsVisible = 0;
			defaultConfigurationName = Release;
		};
		ADF4587E1397DB0800B32434 /* Build configuration list for PBXNativeTarget "Simulation" */ = {
			isa = XCConfigurationList;
			buildConfigurations = (
				ADF4587F1397DB0800B32434 /* Debug */,
				ADF458801397DB0800B32434 /* Release */,
			);
			defaultConfigurationIsVisible = 0;
			defaultConfigurationName = Release;
		};
/* End XCConfigurationList section */
	};
	rootObject = ADF458671397DB0700B32434 /* Project object */;
}
